// !$*UTF8*$!
{
	archiveVersion = 1;
	classes = {
	};
	objectVersion = 50;
	objects = {

/* Begin PBXBuildFile section */
		9014BE8F242FD483008F7155 /* MainTableView.swift in Sources */ = {isa = PBXBuildFile; fileRef = 9014BE8E242FD483008F7155 /* MainTableView.swift */; };
		9014BE9124305A58008F7155 /* MainTableViewDelegate.swift in Sources */ = {isa = PBXBuildFile; fileRef = 9014BE9024305A58008F7155 /* MainTableViewDelegate.swift */; };
		9014BE952432D4F9008F7155 /* MoodEntryCell.swift in Sources */ = {isa = PBXBuildFile; fileRef = 9014BE942432D4F9008F7155 /* MoodEntryCell.swift */; };
		9014BE972432DE06008F7155 /* Entry.swift in Sources */ = {isa = PBXBuildFile; fileRef = 9014BE962432DE06008F7155 /* Entry.swift */; };
		9014BE992432EC45008F7155 /* FeelingsController.swift in Sources */ = {isa = PBXBuildFile; fileRef = 9014BE982432EC45008F7155 /* FeelingsController.swift */; };
		9014BE9B2432EC78008F7155 /* ActivitiesNotesController.swift in Sources */ = {isa = PBXBuildFile; fileRef = 9014BE9A2432EC78008F7155 /* ActivitiesNotesController.swift */; };
		90390093242934A4002C4697 /* MoodView.swift in Sources */ = {isa = PBXBuildFile; fileRef = 90390092242934A4002C4697 /* MoodView.swift */; };
		903B556124359EE60099237D /* FeelingsCell.swift in Sources */ = {isa = PBXBuildFile; fileRef = 903B556024359EE60099237D /* FeelingsCell.swift */; };
		9041C0B2242118BA00225999 /* AppDelegate.swift in Sources */ = {isa = PBXBuildFile; fileRef = 9041C0B1242118BA00225999 /* AppDelegate.swift */; };
		9041C0B4242118BA00225999 /* SceneDelegate.swift in Sources */ = {isa = PBXBuildFile; fileRef = 9041C0B3242118BA00225999 /* SceneDelegate.swift */; };
		9041C0B6242118BA00225999 /* MoodController.swift in Sources */ = {isa = PBXBuildFile; fileRef = 9041C0B5242118BA00225999 /* MoodController.swift */; };
		9041C0BC242118BA00225999 /* Affect.xcdatamodeld in Sources */ = {isa = PBXBuildFile; fileRef = 9041C0BA242118BA00225999 /* Affect.xcdatamodeld */; };
		9041C0BE242118BC00225999 /* Assets.xcassets in Resources */ = {isa = PBXBuildFile; fileRef = 9041C0BD242118BC00225999 /* Assets.xcassets */; };
		9046DF712434300400DACEEA /* FeelingsHeader.swift in Sources */ = {isa = PBXBuildFile; fileRef = 9046DF702434300400DACEEA /* FeelingsHeader.swift */; };
		9049E7CD242D735C00F7CBED /* Extensions.swift in Sources */ = {isa = PBXBuildFile; fileRef = 9049E7CC242D735C00F7CBED /* Extensions.swift */; };
		90F30460243681EF00DDA2FC /* FeelingsFlowLayout.swift in Sources */ = {isa = PBXBuildFile; fileRef = 90F3045F243681EF00DDA2FC /* FeelingsFlowLayout.swift */; };
/* End PBXBuildFile section */

/* Begin PBXFileReference section */
		9014BE8E242FD483008F7155 /* MainTableView.swift */ = {isa = PBXFileReference; lastKnownFileType = sourcecode.swift; path = MainTableView.swift; sourceTree = "<group>"; };
		9014BE9024305A58008F7155 /* MainTableViewDelegate.swift */ = {isa = PBXFileReference; lastKnownFileType = sourcecode.swift; path = MainTableViewDelegate.swift; sourceTree = "<group>"; };
		9014BE942432D4F9008F7155 /* MoodEntryCell.swift */ = {isa = PBXFileReference; lastKnownFileType = sourcecode.swift; path = MoodEntryCell.swift; sourceTree = "<group>"; };
		9014BE962432DE06008F7155 /* Entry.swift */ = {isa = PBXFileReference; lastKnownFileType = sourcecode.swift; path = Entry.swift; sourceTree = "<group>"; };
		9014BE982432EC45008F7155 /* FeelingsController.swift */ = {isa = PBXFileReference; lastKnownFileType = sourcecode.swift; path = FeelingsController.swift; sourceTree = "<group>"; };
		9014BE9A2432EC78008F7155 /* ActivitiesNotesController.swift */ = {isa = PBXFileReference; lastKnownFileType = sourcecode.swift; path = ActivitiesNotesController.swift; sourceTree = "<group>"; };
		90390092242934A4002C4697 /* MoodView.swift */ = {isa = PBXFileReference; lastKnownFileType = sourcecode.swift; path = MoodView.swift; sourceTree = "<group>"; };
		903B556024359EE60099237D /* FeelingsCell.swift */ = {isa = PBXFileReference; lastKnownFileType = sourcecode.swift; path = FeelingsCell.swift; sourceTree = "<group>"; };
		9041C0AE242118BA00225999 /* Affect.app */ = {isa = PBXFileReference; explicitFileType = wrapper.application; includeInIndex = 0; path = Affect.app; sourceTree = BUILT_PRODUCTS_DIR; };
		9041C0B1242118BA00225999 /* AppDelegate.swift */ = {isa = PBXFileReference; lastKnownFileType = sourcecode.swift; path = AppDelegate.swift; sourceTree = "<group>"; };
		9041C0B3242118BA00225999 /* SceneDelegate.swift */ = {isa = PBXFileReference; lastKnownFileType = sourcecode.swift; path = SceneDelegate.swift; sourceTree = "<group>"; };
		9041C0B5242118BA00225999 /* MoodController.swift */ = {isa = PBXFileReference; lastKnownFileType = sourcecode.swift; path = MoodController.swift; sourceTree = "<group>"; };
		9041C0BB242118BA00225999 /* Affect.xcdatamodel */ = {isa = PBXFileReference; lastKnownFileType = wrapper.xcdatamodel; path = Affect.xcdatamodel; sourceTree = "<group>"; };
		9041C0BD242118BC00225999 /* Assets.xcassets */ = {isa = PBXFileReference; lastKnownFileType = folder.assetcatalog; path = Assets.xcassets; sourceTree = "<group>"; };
		9041C0C2242118BC00225999 /* Info.plist */ = {isa = PBXFileReference; lastKnownFileType = text.plist.xml; path = Info.plist; sourceTree = "<group>"; };
		9046DF702434300400DACEEA /* FeelingsHeader.swift */ = {isa = PBXFileReference; lastKnownFileType = sourcecode.swift; path = FeelingsHeader.swift; sourceTree = "<group>"; };
		9049E7CC242D735C00F7CBED /* Extensions.swift */ = {isa = PBXFileReference; lastKnownFileType = sourcecode.swift; path = Extensions.swift; sourceTree = "<group>"; };
		90F3045F243681EF00DDA2FC /* FeelingsFlowLayout.swift */ = {isa = PBXFileReference; lastKnownFileType = sourcecode.swift; path = FeelingsFlowLayout.swift; sourceTree = "<group>"; };
/* End PBXFileReference section */

/* Begin PBXFrameworksBuildPhase section */
		9041C0AB242118BA00225999 /* Frameworks */ = {
			isa = PBXFrameworksBuildPhase;
			buildActionMask = 2147483647;
			files = (
			);
			runOnlyForDeploymentPostprocessing = 0;
		};
/* End PBXFrameworksBuildPhase section */

/* Begin PBXGroup section */
		9014BE92243131BC008F7155 /* Entries */ = {
			isa = PBXGroup;
			children = (
				9014BE8E242FD483008F7155 /* MainTableView.swift */,
				9014BE942432D4F9008F7155 /* MoodEntryCell.swift */,
				9014BE9024305A58008F7155 /* MainTableViewDelegate.swift */,
			);
			path = Entries;
			sourceTree = "<group>";
		};
		9014BE932431BC3A008F7155 /* Mood */ = {
			isa = PBXGroup;
			children = (
				90390092242934A4002C4697 /* MoodView.swift */,
			);
			path = Mood;
			sourceTree = "<group>";
		};
		9039008F24286974002C4697 /* View */ = {
			isa = PBXGroup;
			children = (
				9014BE932431BC3A008F7155 /* Mood */,
				90F304612436F57F00DDA2FC /* Feelings */,
				9014BE92243131BC008F7155 /* Entries */,
			);
			path = View;
			sourceTree = "<group>";
		};
		9039009024293467002C4697 /* Model */ = {
			isa = PBXGroup;
			children = (
				9014BE962432DE06008F7155 /* Entry.swift */,
			);
			name = Model;
			sourceTree = "<group>";
		};
		9039009124293471002C4697 /* Controller */ = {
			isa = PBXGroup;
			children = (
				9041C0B5242118BA00225999 /* MoodController.swift */,
				9014BE982432EC45008F7155 /* FeelingsController.swift */,
				9014BE9A2432EC78008F7155 /* ActivitiesNotesController.swift */,
			);
			name = Controller;
			sourceTree = "<group>";
		};
		9041C0A5242118B900225999 = {
			isa = PBXGroup;
			children = (
				9041C0B0242118BA00225999 /* Affect */,
				9041C0AF242118BA00225999 /* Products */,
			);
			sourceTree = "<group>";
		};
		9041C0AF242118BA00225999 /* Products */ = {
			isa = PBXGroup;
			children = (
				9041C0AE242118BA00225999 /* Affect.app */,
			);
			name = Products;
			sourceTree = "<group>";
		};
		9041C0B0242118BA00225999 /* Affect */ = {
			isa = PBXGroup;
			children = (
				9041C0B3242118BA00225999 /* SceneDelegate.swift */,
				9041C0B1242118BA00225999 /* AppDelegate.swift */,
				9039009024293467002C4697 /* Model */,
				9039009124293471002C4697 /* Controller */,
				9039008F24286974002C4697 /* View */,
				9049E7C9242D71BC00F7CBED /* Utilities */,
				9041C0BD242118BC00225999 /* Assets.xcassets */,
				9041C0C2242118BC00225999 /* Info.plist */,
				9041C0BA242118BA00225999 /* Affect.xcdatamodeld */,
			);
			path = Affect;
			sourceTree = "<group>";
		};
		9049E7C9242D71BC00F7CBED /* Utilities */ = {
			isa = PBXGroup;
			children = (
				9049E7CC242D735C00F7CBED /* Extensions.swift */,
			);
			path = Utilities;
			sourceTree = "<group>";
		};
		90F304612436F57F00DDA2FC /* Feelings */ = {
			isa = PBXGroup;
			children = (
				903B556024359EE60099237D /* FeelingsCell.swift */,
				90F3045F243681EF00DDA2FC /* FeelingsFlowLayout.swift */,
				9046DF702434300400DACEEA /* FeelingsHeader.swift */,
			);
			path = Feelings;
			sourceTree = "<group>";
		};
/* End PBXGroup section */

/* Begin PBXNativeTarget section */
		9041C0AD242118BA00225999 /* Affect */ = {
			isa = PBXNativeTarget;
			buildConfigurationList = 9041C0C5242118BC00225999 /* Build configuration list for PBXNativeTarget "Affect" */;
			buildPhases = (
				9041C0AA242118BA00225999 /* Sources */,
				9041C0AB242118BA00225999 /* Frameworks */,
				9041C0AC242118BA00225999 /* Resources */,
			);
			buildRules = (
			);
			dependencies = (
			);
			name = Affect;
			productName = Affect;
			productReference = 9041C0AE242118BA00225999 /* Affect.app */;
			productType = "com.apple.product-type.application";
		};
/* End PBXNativeTarget section */

/* Begin PBXProject section */
		9041C0A6242118B900225999 /* Project object */ = {
			isa = PBXProject;
			attributes = {
				LastSwiftUpdateCheck = 1130;
				LastUpgradeCheck = 1130;
				ORGANIZATIONNAME = "Stephanie Chiu";
				TargetAttributes = {
					9041C0AD242118BA00225999 = {
						CreatedOnToolsVersion = 11.3.1;
					};
				};
			};
			buildConfigurationList = 9041C0A9242118B900225999 /* Build configuration list for PBXProject "Affect" */;
			compatibilityVersion = "Xcode 9.3";
			developmentRegion = en;
			hasScannedForEncodings = 0;
			knownRegions = (
				en,
				Base,
			);
			mainGroup = 9041C0A5242118B900225999;
			productRefGroup = 9041C0AF242118BA00225999 /* Products */;
			projectDirPath = "";
			projectRoot = "";
			targets = (
				9041C0AD242118BA00225999 /* Affect */,
			);
		};
/* End PBXProject section */

/* Begin PBXResourcesBuildPhase section */
		9041C0AC242118BA00225999 /* Resources */ = {
			isa = PBXResourcesBuildPhase;
			buildActionMask = 2147483647;
			files = (
				9041C0BE242118BC00225999 /* Assets.xcassets in Resources */,
			);
			runOnlyForDeploymentPostprocessing = 0;
		};
/* End PBXResourcesBuildPhase section */

/* Begin PBXSourcesBuildPhase section */
		9041C0AA242118BA00225999 /* Sources */ = {
			isa = PBXSourcesBuildPhase;
			buildActionMask = 2147483647;
			files = (
				9014BE8F242FD483008F7155 /* MainTableView.swift in Sources */,
				903B556124359EE60099237D /* FeelingsCell.swift in Sources */,
				9041C0BC242118BA00225999 /* Affect.xcdatamodeld in Sources */,
				9014BE992432EC45008F7155 /* FeelingsController.swift in Sources */,
				9046DF712434300400DACEEA /* FeelingsHeader.swift in Sources */,
				9041C0B6242118BA00225999 /* MoodController.swift in Sources */,
				9041C0B2242118BA00225999 /* AppDelegate.swift in Sources */,
				9041C0B4242118BA00225999 /* SceneDelegate.swift in Sources */,
				9014BE972432DE06008F7155 /* Entry.swift in Sources */,
				90390093242934A4002C4697 /* MoodView.swift in Sources */,
				9014BE9B2432EC78008F7155 /* ActivitiesNotesController.swift in Sources */,
				9014BE952432D4F9008F7155 /* MoodEntryCell.swift in Sources */,
				9049E7CD242D735C00F7CBED /* Extensions.swift in Sources */,
				90F30460243681EF00DDA2FC /* FeelingsFlowLayout.swift in Sources */,
				9014BE9124305A58008F7155 /* MainTableViewDelegate.swift in Sources */,
			);
			runOnlyForDeploymentPostprocessing = 0;
		};
/* End PBXSourcesBuildPhase section */

/* Begin XCBuildConfiguration section */
		9041C0C3242118BC00225999 /* Debug */ = {
			isa = XCBuildConfiguration;
			buildSettings = {
				ALWAYS_SEARCH_USER_PATHS = NO;
				CLANG_ANALYZER_NONNULL = YES;
				CLANG_ANALYZER_NUMBER_OBJECT_CONVERSION = YES_AGGRESSIVE;
				CLANG_CXX_LANGUAGE_STANDARD = "gnu++14";
				CLANG_CXX_LIBRARY = "libc++";
				CLANG_ENABLE_MODULES = YES;
				CLANG_ENABLE_OBJC_ARC = YES;
				CLANG_ENABLE_OBJC_WEAK = YES;
				CLANG_WARN_BLOCK_CAPTURE_AUTORELEASING = YES;
				CLANG_WARN_BOOL_CONVERSION = YES;
				CLANG_WARN_COMMA = YES;
				CLANG_WARN_CONSTANT_CONVERSION = YES;
				CLANG_WARN_DEPRECATED_OBJC_IMPLEMENTATIONS = YES;
				CLANG_WARN_DIRECT_OBJC_ISA_USAGE = YES_ERROR;
				CLANG_WARN_DOCUMENTATION_COMMENTS = YES;
				CLANG_WARN_EMPTY_BODY = YES;
				CLANG_WARN_ENUM_CONVERSION = YES;
				CLANG_WARN_INFINITE_RECURSION = YES;
				CLANG_WARN_INT_CONVERSION = YES;
				CLANG_WARN_NON_LITERAL_NULL_CONVERSION = YES;
				CLANG_WARN_OBJC_IMPLICIT_RETAIN_SELF = YES;
				CLANG_WARN_OBJC_LITERAL_CONVERSION = YES;
				CLANG_WARN_OBJC_ROOT_CLASS = YES_ERROR;
				CLANG_WARN_RANGE_LOOP_ANALYSIS = YES;
				CLANG_WARN_STRICT_PROTOTYPES = YES;
				CLANG_WARN_SUSPICIOUS_MOVE = YES;
				CLANG_WARN_UNGUARDED_AVAILABILITY = YES_AGGRESSIVE;
				CLANG_WARN_UNREACHABLE_CODE = YES;
				CLANG_WARN__DUPLICATE_METHOD_MATCH = YES;
				COPY_PHASE_STRIP = NO;
				DEBUG_INFORMATION_FORMAT = dwarf;
				ENABLE_STRICT_OBJC_MSGSEND = YES;
				ENABLE_TESTABILITY = YES;
				GCC_C_LANGUAGE_STANDARD = gnu11;
				GCC_DYNAMIC_NO_PIC = NO;
				GCC_NO_COMMON_BLOCKS = YES;
				GCC_OPTIMIZATION_LEVEL = 0;
				GCC_PREPROCESSOR_DEFINITIONS = (
					"DEBUG=1",
					"$(inherited)",
				);
				GCC_WARN_64_TO_32_BIT_CONVERSION = YES;
				GCC_WARN_ABOUT_RETURN_TYPE = YES_ERROR;
				GCC_WARN_UNDECLARED_SELECTOR = YES;
				GCC_WARN_UNINITIALIZED_AUTOS = YES_AGGRESSIVE;
				GCC_WARN_UNUSED_FUNCTION = YES;
				GCC_WARN_UNUSED_VARIABLE = YES;
				IPHONEOS_DEPLOYMENT_TARGET = 13.2;
				MTL_ENABLE_DEBUG_INFO = INCLUDE_SOURCE;
				MTL_FAST_MATH = YES;
				ONLY_ACTIVE_ARCH = YES;
				SDKROOT = iphoneos;
				SWIFT_ACTIVE_COMPILATION_CONDITIONS = DEBUG;
				SWIFT_OPTIMIZATION_LEVEL = "-Onone";
			};
			name = Debug;
		};
		9041C0C4242118BC00225999 /* Release */ = {
			isa = XCBuildConfiguration;
			buildSettings = {
				ALWAYS_SEARCH_USER_PATHS = NO;
				CLANG_ANALYZER_NONNULL = YES;
				CLANG_ANALYZER_NUMBER_OBJECT_CONVERSION = YES_AGGRESSIVE;
				CLANG_CXX_LANGUAGE_STANDARD = "gnu++14";
				CLANG_CXX_LIBRARY = "libc++";
				CLANG_ENABLE_MODULES = YES;
				CLANG_ENABLE_OBJC_ARC = YES;
				CLANG_ENABLE_OBJC_WEAK = YES;
				CLANG_WARN_BLOCK_CAPTURE_AUTORELEASING = YES;
				CLANG_WARN_BOOL_CONVERSION = YES;
				CLANG_WARN_COMMA = YES;
				CLANG_WARN_CONSTANT_CONVERSION = YES;
				CLANG_WARN_DEPRECATED_OBJC_IMPLEMENTATIONS = YES;
				CLANG_WARN_DIRECT_OBJC_ISA_USAGE = YES_ERROR;
				CLANG_WARN_DOCUMENTATION_COMMENTS = YES;
				CLANG_WARN_EMPTY_BODY = YES;
				CLANG_WARN_ENUM_CONVERSION = YES;
				CLANG_WARN_INFINITE_RECURSION = YES;
				CLANG_WARN_INT_CONVERSION = YES;
				CLANG_WARN_NON_LITERAL_NULL_CONVERSION = YES;
				CLANG_WARN_OBJC_IMPLICIT_RETAIN_SELF = YES;
				CLANG_WARN_OBJC_LITERAL_CONVERSION = YES;
				CLANG_WARN_OBJC_ROOT_CLASS = YES_ERROR;
				CLANG_WARN_RANGE_LOOP_ANALYSIS = YES;
				CLANG_WARN_STRICT_PROTOTYPES = YES;
				CLANG_WARN_SUSPICIOUS_MOVE = YES;
				CLANG_WARN_UNGUARDED_AVAILABILITY = YES_AGGRESSIVE;
				CLANG_WARN_UNREACHABLE_CODE = YES;
				CLANG_WARN__DUPLICATE_METHOD_MATCH = YES;
				COPY_PHASE_STRIP = NO;
				DEBUG_INFORMATION_FORMAT = "dwarf-with-dsym";
				ENABLE_NS_ASSERTIONS = NO;
				ENABLE_STRICT_OBJC_MSGSEND = YES;
				GCC_C_LANGUAGE_STANDARD = gnu11;
				GCC_NO_COMMON_BLOCKS = YES;
				GCC_WARN_64_TO_32_BIT_CONVERSION = YES;
				GCC_WARN_ABOUT_RETURN_TYPE = YES_ERROR;
				GCC_WARN_UNDECLARED_SELECTOR = YES;
				GCC_WARN_UNINITIALIZED_AUTOS = YES_AGGRESSIVE;
				GCC_WARN_UNUSED_FUNCTION = YES;
				GCC_WARN_UNUSED_VARIABLE = YES;
				IPHONEOS_DEPLOYMENT_TARGET = 13.2;
				MTL_ENABLE_DEBUG_INFO = NO;
				MTL_FAST_MATH = YES;
				SDKROOT = iphoneos;
				SWIFT_COMPILATION_MODE = wholemodule;
				SWIFT_OPTIMIZATION_LEVEL = "-O";
				VALIDATE_PRODUCT = YES;
			};
			name = Release;
		};
		9041C0C6242118BC00225999 /* Debug */ = {
			isa = XCBuildConfiguration;
			buildSettings = {
				ASSETCATALOG_COMPILER_APPICON_NAME = AppIcon;
				CODE_SIGN_STYLE = Automatic;
				DEVELOPMENT_TEAM = PAF88N9AZQ;
				INFOPLIST_FILE = Affect/Info.plist;
				LD_RUNPATH_SEARCH_PATHS = (
					"$(inherited)",
					"@executable_path/Frameworks",
				);
				PRODUCT_BUNDLE_IDENTIFIER = com.stephaniechiu.Affect;
				PRODUCT_NAME = "$(TARGET_NAME)";
				SWIFT_VERSION = 5.0;
				TARGETED_DEVICE_FAMILY = 1;
			};
			name = Debug;
		};
		9041C0C7242118BC00225999 /* Release */ = {
			isa = XCBuildConfiguration;
			buildSettings = {
				ASSETCATALOG_COMPILER_APPICON_NAME = AppIcon;
				CODE_SIGN_STYLE = Automatic;
				DEVELOPMENT_TEAM = PAF88N9AZQ;
				INFOPLIST_FILE = Affect/Info.plist;
				LD_RUNPATH_SEARCH_PATHS = (
					"$(inherited)",
					"@executable_path/Frameworks",
				);
				PRODUCT_BUNDLE_IDENTIFIER = com.stephaniechiu.Affect;
				PRODUCT_NAME = "$(TARGET_NAME)";
				SWIFT_VERSION = 5.0;
				TARGETED_DEVICE_FAMILY = 1;
			};
			name = Release;
		};
/* End XCBuildConfiguration section */

/* Begin XCConfigurationList section */
		9041C0A9242118B900225999 /* Build configuration list for PBXProject "Affect" */ = {
			isa = XCConfigurationList;
			buildConfigurations = (
				9041C0C3242118BC00225999 /* Debug */,
				9041C0C4242118BC00225999 /* Release */,
			);
			defaultConfigurationIsVisible = 0;
			defaultConfigurationName = Release;
		};
		9041C0C5242118BC00225999 /* Build configuration list for PBXNativeTarget "Affect" */ = {
			isa = XCConfigurationList;
			buildConfigurations = (
				9041C0C6242118BC00225999 /* Debug */,
				9041C0C7242118BC00225999 /* Release */,
			);
			defaultConfigurationIsVisible = 0;
			defaultConfigurationName = Release;
		};
/* End XCConfigurationList section */

/* Begin XCVersionGroup section */
		9041C0BA242118BA00225999 /* Affect.xcdatamodeld */ = {
			isa = XCVersionGroup;
			children = (
				9041C0BB242118BA00225999 /* Affect.xcdatamodel */,
			);
			currentVersion = 9041C0BB242118BA00225999 /* Affect.xcdatamodel */;
			path = Affect.xcdatamodeld;
			sourceTree = "<group>";
			versionGroupType = wrapper.xcdatamodel;
		};
/* End XCVersionGroup section */
	};
	rootObject = 9041C0A6242118B900225999 /* Project object */;
}
