// !$*UTF8*$!
{
	archiveVersion = 1;
	classes = {
	};
	objectVersion = 50;
	objects = {

/* Begin PBXBuildFile section */
		9014BE8F242FD483008F7155 /* HomeController.swift in Sources */ = {isa = PBXBuildFile; fileRef = 9014BE8E242FD483008F7155 /* HomeController.swift */; };
		9014BE952432D4F9008F7155 /* HomeCell.swift in Sources */ = {isa = PBXBuildFile; fileRef = 9014BE942432D4F9008F7155 /* HomeCell.swift */; };
		9014BE972432DE06008F7155 /* Entry.swift in Sources */ = {isa = PBXBuildFile; fileRef = 9014BE962432DE06008F7155 /* Entry.swift */; };
		9014BE9B2432EC78008F7155 /* ActivitiesNotesController.swift in Sources */ = {isa = PBXBuildFile; fileRef = 9014BE9A2432EC78008F7155 /* ActivitiesNotesController.swift */; };
		901B32F72440187500F1BFA0 /* PositiveFeelingsCell.swift in Sources */ = {isa = PBXBuildFile; fileRef = 901B32F62440187500F1BFA0 /* PositiveFeelingsCell.swift */; };
		901B32F92440190A00F1BFA0 /* NegativeFeelingsCell.swift in Sources */ = {isa = PBXBuildFile; fileRef = 901B32F82440190A00F1BFA0 /* NegativeFeelingsCell.swift */; };
		90390093242934A4002C4697 /* MoodView.swift in Sources */ = {isa = PBXBuildFile; fileRef = 90390092242934A4002C4697 /* MoodView.swift */; };
		903F84032446B8180051C81C /* StatisticsController.swift in Sources */ = {isa = PBXBuildFile; fileRef = 903F84022446B8180051C81C /* StatisticsController.swift */; };
		903FC99024413FA3005D9DF4 /* NegativeFeelingsHeader.swift in Sources */ = {isa = PBXBuildFile; fileRef = 903FC98F24413FA3005D9DF4 /* NegativeFeelingsHeader.swift */; };
		903FC99224429790005D9DF4 /* EntryView.swift in Sources */ = {isa = PBXBuildFile; fileRef = 903FC9912442978F005D9DF4 /* EntryView.swift */; };
		903FC99624429869005D9DF4 /* EntryController.swift in Sources */ = {isa = PBXBuildFile; fileRef = 903FC99524429869005D9DF4 /* EntryController.swift */; };
		903FC99924443CCC005D9DF4 /* PickerView.swift in Sources */ = {isa = PBXBuildFile; fileRef = 903FC99824443CCC005D9DF4 /* PickerView.swift */; };
		903FC99C24451982005D9DF4 /* TabBarController.swift in Sources */ = {isa = PBXBuildFile; fileRef = 903FC99B24451982005D9DF4 /* TabBarController.swift */; };
		90413927243A808C0029DBCD /* FeelingsController.swift in Sources */ = {isa = PBXBuildFile; fileRef = 90413926243A808C0029DBCD /* FeelingsController.swift */; };
		9041392D243BF7610029DBCD /* ActivitiesCell.swift in Sources */ = {isa = PBXBuildFile; fileRef = 9041392C243BF7610029DBCD /* ActivitiesCell.swift */; };
		9041C0B2242118BA00225999 /* AppDelegate.swift in Sources */ = {isa = PBXBuildFile; fileRef = 9041C0B1242118BA00225999 /* AppDelegate.swift */; };
		9041C0B4242118BA00225999 /* SceneDelegate.swift in Sources */ = {isa = PBXBuildFile; fileRef = 9041C0B3242118BA00225999 /* SceneDelegate.swift */; };
		9041C0B6242118BA00225999 /* MoodController.swift in Sources */ = {isa = PBXBuildFile; fileRef = 9041C0B5242118BA00225999 /* MoodController.swift */; };
		9041C0BC242118BA00225999 /* Affect.xcdatamodeld in Sources */ = {isa = PBXBuildFile; fileRef = 9041C0BA242118BA00225999 /* Affect.xcdatamodeld */; };
		9041C0BE242118BC00225999 /* Assets.xcassets in Resources */ = {isa = PBXBuildFile; fileRef = 9041C0BD242118BC00225999 /* Assets.xcassets */; };
		9046DF712434300400DACEEA /* PositiveFeelingsHeader.swift in Sources */ = {isa = PBXBuildFile; fileRef = 9046DF702434300400DACEEA /* PositiveFeelingsHeader.swift */; };
		9049E7CD242D735C00F7CBED /* Extensions.swift in Sources */ = {isa = PBXBuildFile; fileRef = 9049E7CC242D735C00F7CBED /* Extensions.swift */; };
		90A4000C244E5DBB003E4604 /* UserInput.swift in Sources */ = {isa = PBXBuildFile; fileRef = 90A4000B244E5DBB003E4604 /* UserInput.swift */; };
		90E0C814244FD7E600446412 /* CustomButton.swift in Sources */ = {isa = PBXBuildFile; fileRef = 90E0C813244FD7E600446412 /* CustomButton.swift */; };
		90F30460243681EF00DDA2FC /* ColumnFlowLayout.swift in Sources */ = {isa = PBXBuildFile; fileRef = 90F3045F243681EF00DDA2FC /* ColumnFlowLayout.swift */; };
		90F304642436FF8800DDA2FC /* FeelingsView.swift in Sources */ = {isa = PBXBuildFile; fileRef = 90F304632436FF8800DDA2FC /* FeelingsView.swift */; };
/* End PBXBuildFile section */

/* Begin PBXFileReference section */
		9014BE8E242FD483008F7155 /* HomeController.swift */ = {isa = PBXFileReference; lastKnownFileType = sourcecode.swift; path = HomeController.swift; sourceTree = "<group>"; };
		9014BE942432D4F9008F7155 /* HomeCell.swift */ = {isa = PBXFileReference; lastKnownFileType = sourcecode.swift; path = HomeCell.swift; sourceTree = "<group>"; };
		9014BE962432DE06008F7155 /* Entry.swift */ = {isa = PBXFileReference; lastKnownFileType = sourcecode.swift; path = Entry.swift; sourceTree = "<group>"; };
		9014BE9A2432EC78008F7155 /* ActivitiesNotesController.swift */ = {isa = PBXFileReference; lastKnownFileType = sourcecode.swift; path = ActivitiesNotesController.swift; sourceTree = "<group>"; };
		901B32F62440187500F1BFA0 /* PositiveFeelingsCell.swift */ = {isa = PBXFileReference; lastKnownFileType = sourcecode.swift; path = PositiveFeelingsCell.swift; sourceTree = "<group>"; };
		901B32F82440190A00F1BFA0 /* NegativeFeelingsCell.swift */ = {isa = PBXFileReference; lastKnownFileType = sourcecode.swift; path = NegativeFeelingsCell.swift; sourceTree = "<group>"; };
		90390092242934A4002C4697 /* MoodView.swift */ = {isa = PBXFileReference; lastKnownFileType = sourcecode.swift; path = MoodView.swift; sourceTree = "<group>"; };
		903F84022446B8180051C81C /* StatisticsController.swift */ = {isa = PBXFileReference; lastKnownFileType = sourcecode.swift; path = StatisticsController.swift; sourceTree = "<group>"; };
		903FC98F24413FA3005D9DF4 /* NegativeFeelingsHeader.swift */ = {isa = PBXFileReference; lastKnownFileType = sourcecode.swift; path = NegativeFeelingsHeader.swift; sourceTree = "<group>"; };
		903FC9912442978F005D9DF4 /* EntryView.swift */ = {isa = PBXFileReference; lastKnownFileType = sourcecode.swift; path = EntryView.swift; sourceTree = "<group>"; };
		903FC99524429869005D9DF4 /* EntryController.swift */ = {isa = PBXFileReference; lastKnownFileType = sourcecode.swift; path = EntryController.swift; sourceTree = "<group>"; };
		903FC99824443CCC005D9DF4 /* PickerView.swift */ = {isa = PBXFileReference; lastKnownFileType = sourcecode.swift; path = PickerView.swift; sourceTree = "<group>"; };
		903FC99B24451982005D9DF4 /* TabBarController.swift */ = {isa = PBXFileReference; lastKnownFileType = sourcecode.swift; path = TabBarController.swift; sourceTree = "<group>"; };
		90413926243A808C0029DBCD /* FeelingsController.swift */ = {isa = PBXFileReference; lastKnownFileType = sourcecode.swift; path = FeelingsController.swift; sourceTree = "<group>"; };
		9041392C243BF7610029DBCD /* ActivitiesCell.swift */ = {isa = PBXFileReference; lastKnownFileType = sourcecode.swift; path = ActivitiesCell.swift; sourceTree = "<group>"; };
		9041C0AE242118BA00225999 /* Affect.app */ = {isa = PBXFileReference; explicitFileType = wrapper.application; includeInIndex = 0; path = Affect.app; sourceTree = BUILT_PRODUCTS_DIR; };
		9041C0B1242118BA00225999 /* AppDelegate.swift */ = {isa = PBXFileReference; lastKnownFileType = sourcecode.swift; path = AppDelegate.swift; sourceTree = "<group>"; };
		9041C0B3242118BA00225999 /* SceneDelegate.swift */ = {isa = PBXFileReference; lastKnownFileType = sourcecode.swift; path = SceneDelegate.swift; sourceTree = "<group>"; };
		9041C0B5242118BA00225999 /* MoodController.swift */ = {isa = PBXFileReference; lastKnownFileType = sourcecode.swift; path = MoodController.swift; sourceTree = "<group>"; };
		9041C0BB242118BA00225999 /* Affect.xcdatamodel */ = {isa = PBXFileReference; lastKnownFileType = wrapper.xcdatamodel; path = Affect.xcdatamodel; sourceTree = "<group>"; };
		9041C0BD242118BC00225999 /* Assets.xcassets */ = {isa = PBXFileReference; lastKnownFileType = folder.assetcatalog; path = Assets.xcassets; sourceTree = "<group>"; };
		9041C0C2242118BC00225999 /* Info.plist */ = {isa = PBXFileReference; lastKnownFileType = text.plist.xml; path = Info.plist; sourceTree = "<group>"; };
		9046DF702434300400DACEEA /* PositiveFeelingsHeader.swift */ = {isa = PBXFileReference; lastKnownFileType = sourcecode.swift; path = PositiveFeelingsHeader.swift; sourceTree = "<group>"; };
		9049E7CC242D735C00F7CBED /* Extensions.swift */ = {isa = PBXFileReference; lastKnownFileType = sourcecode.swift; path = Extensions.swift; sourceTree = "<group>"; };
		90A4000B244E5DBB003E4604 /* UserInput.swift */ = {isa = PBXFileReference; lastKnownFileType = sourcecode.swift; path = UserInput.swift; sourceTree = "<group>"; };
		90E0C813244FD7E600446412 /* CustomButton.swift */ = {isa = PBXFileReference; lastKnownFileType = sourcecode.swift; path = CustomButton.swift; sourceTree = "<group>"; };
		90F3045F243681EF00DDA2FC /* ColumnFlowLayout.swift */ = {isa = PBXFileReference; lastKnownFileType = sourcecode.swift; path = ColumnFlowLayout.swift; sourceTree = "<group>"; };
		90F304632436FF8800DDA2FC /* FeelingsView.swift */ = {isa = PBXFileReference; lastKnownFileType = sourcecode.swift; path = FeelingsView.swift; sourceTree = "<group>"; };
/* End PBXFileReference section */

/* Begin PBXFrameworksBuildPhase section */
		9041C0AB242118BA00225999 /* Frameworks */ = {
			isa = PBXFrameworksBuildPhase;
			buildActionMask = 2147483647;
			files = (
			);
			runOnlyForDeploymentPostprocessing = 0;
		};
/* End PBXFrameworksBuildPhase section */

/* Begin PBXGroup section */
		9014BE92243131BC008F7155 /* Home */ = {
			isa = PBXGroup;
			children = (
				9014BE942432D4F9008F7155 /* HomeCell.swift */,
			);
			path = Home;
			sourceTree = "<group>";
		};
		9014BE932431BC3A008F7155 /* Mood */ = {
			isa = PBXGroup;
			children = (
				90390092242934A4002C4697 /* MoodView.swift */,
			);
			path = Mood;
			sourceTree = "<group>";
		};
		9039008F24286974002C4697 /* View */ = {
			isa = PBXGroup;
			children = (
				9014BE92243131BC008F7155 /* Home */,
				903FC993244297A8005D9DF4 /* Entry */,
				9014BE932431BC3A008F7155 /* Mood */,
				90F304612436F57F00DDA2FC /* Feelings */,
				90F3046524386AB900DDA2FC /* Activities */,
			);
			path = View;
			sourceTree = "<group>";
		};
		9039009024293467002C4697 /* Model */ = {
			isa = PBXGroup;
			children = (
				9014BE962432DE06008F7155 /* Entry.swift */,
				90A4000B244E5DBB003E4604 /* UserInput.swift */,
			);
			name = Model;
			sourceTree = "<group>";
		};
		9039009124293471002C4697 /* Controller */ = {
			isa = PBXGroup;
			children = (
				90442414243EAB3B0029C040 /* Home */,
				903FC99424429852005D9DF4 /* Entry */,
				9041392E243C19E70029DBCD /* Mood */,
				904139232439ACE50029DBCD /* Feelings */,
				9041392F243C19F40029DBCD /* Activities */,
				903F84012446B7C10051C81C /* Statistics */,
			);
			name = Controller;
			sourceTree = "<group>";
		};
		903F84012446B7C10051C81C /* Statistics */ = {
			isa = PBXGroup;
			children = (
				903F84022446B8180051C81C /* StatisticsController.swift */,
			);
			name = Statistics;
			sourceTree = "<group>";
		};
		903FC993244297A8005D9DF4 /* Entry */ = {
			isa = PBXGroup;
			children = (
				903FC9912442978F005D9DF4 /* EntryView.swift */,
			);
			path = Entry;
			sourceTree = "<group>";
		};
		903FC99424429852005D9DF4 /* Entry */ = {
			isa = PBXGroup;
			children = (
				903FC99524429869005D9DF4 /* EntryController.swift */,
			);
			name = Entry;
			sourceTree = "<group>";
		};
		903FC997244439CE005D9DF4 /* Date Time Controller */ = {
			isa = PBXGroup;
			children = (
				903FC99824443CCC005D9DF4 /* PickerView.swift */,
			);
			name = "Date Time Controller";
			sourceTree = "<group>";
		};
		903FC99A2445192B005D9DF4 /* Tab Bar Controller */ = {
			isa = PBXGroup;
			children = (
				903FC99B24451982005D9DF4 /* TabBarController.swift */,
			);
			name = "Tab Bar Controller";
			sourceTree = "<group>";
		};
		904139232439ACE50029DBCD /* Feelings */ = {
			isa = PBXGroup;
			children = (
				90413926243A808C0029DBCD /* FeelingsController.swift */,
			);
			name = Feelings;
			sourceTree = "<group>";
		};
		90413928243BD4590029DBCD /* CollectionViewCell */ = {
			isa = PBXGroup;
			children = (
				901B32F62440187500F1BFA0 /* PositiveFeelingsCell.swift */,
				901B32F82440190A00F1BFA0 /* NegativeFeelingsCell.swift */,
			);
			path = CollectionViewCell;
			sourceTree = "<group>";
		};
		9041392B243BF7230029DBCD /* CollectionView */ = {
			isa = PBXGroup;
			children = (
				90F3045F243681EF00DDA2FC /* ColumnFlowLayout.swift */,
				9041392C243BF7610029DBCD /* ActivitiesCell.swift */,
			);
			path = CollectionView;
			sourceTree = "<group>";
		};
		9041392E243C19E70029DBCD /* Mood */ = {
			isa = PBXGroup;
			children = (
				9041C0B5242118BA00225999 /* MoodController.swift */,
				903FC997244439CE005D9DF4 /* Date Time Controller */,
			);
			name = Mood;
			sourceTree = "<group>";
		};
		9041392F243C19F40029DBCD /* Activities */ = {
			isa = PBXGroup;
			children = (
				9014BE9A2432EC78008F7155 /* ActivitiesNotesController.swift */,
			);
			name = Activities;
			sourceTree = "<group>";
		};
		9041C0A5242118B900225999 = {
			isa = PBXGroup;
			children = (
				9041C0B0242118BA00225999 /* Affect */,
				9041C0AF242118BA00225999 /* Products */,
			);
			sourceTree = "<group>";
		};
		9041C0AF242118BA00225999 /* Products */ = {
			isa = PBXGroup;
			children = (
				9041C0AE242118BA00225999 /* Affect.app */,
			);
			name = Products;
			sourceTree = "<group>";
		};
		9041C0B0242118BA00225999 /* Affect */ = {
			isa = PBXGroup;
			children = (
				9041C0B3242118BA00225999 /* SceneDelegate.swift */,
				9041C0B1242118BA00225999 /* AppDelegate.swift */,
				9039009024293467002C4697 /* Model */,
				9039009124293471002C4697 /* Controller */,
				9039008F24286974002C4697 /* View */,
				9049E7C9242D71BC00F7CBED /* Utilities */,
				9041C0BD242118BC00225999 /* Assets.xcassets */,
				9041C0C2242118BC00225999 /* Info.plist */,
				9041C0BA242118BA00225999 /* Affect.xcdatamodeld */,
			);
			path = Affect;
			sourceTree = "<group>";
		};
		90442414243EAB3B0029C040 /* Home */ = {
			isa = PBXGroup;
			children = (
				9014BE8E242FD483008F7155 /* HomeController.swift */,
				903FC99A2445192B005D9DF4 /* Tab Bar Controller */,
			);
			name = Home;
			sourceTree = "<group>";
		};
		9049E7C9242D71BC00F7CBED /* Utilities */ = {
			isa = PBXGroup;
			children = (
				9049E7CC242D735C00F7CBED /* Extensions.swift */,
				90E0C813244FD7E600446412 /* CustomButton.swift */,
			);
			path = Utilities;
			sourceTree = "<group>";
		};
		90F304612436F57F00DDA2FC /* Feelings */ = {
			isa = PBXGroup;
			children = (
				90F304632436FF8800DDA2FC /* FeelingsView.swift */,
				90F304622436FEF000DDA2FC /* CollectionView */,
			);
			path = Feelings;
			sourceTree = "<group>";
		};
		90F304622436FEF000DDA2FC /* CollectionView */ = {
			isa = PBXGroup;
			children = (
				9046DF702434300400DACEEA /* PositiveFeelingsHeader.swift */,
				903FC98F24413FA3005D9DF4 /* NegativeFeelingsHeader.swift */,
				90413928243BD4590029DBCD /* CollectionViewCell */,
			);
			path = CollectionView;
			sourceTree = "<group>";
		};
		90F3046524386AB900DDA2FC /* Activities */ = {
			isa = PBXGroup;
			children = (
				9041392B243BF7230029DBCD /* CollectionView */,
			);
			path = Activities;
			sourceTree = "<group>";
		};
/* End PBXGroup section */

/* Begin PBXNativeTarget section */
		9041C0AD242118BA00225999 /* Affect */ = {
			isa = PBXNativeTarget;
			buildConfigurationList = 9041C0C5242118BC00225999 /* Build configuration list for PBXNativeTarget "Affect" */;
			buildPhases = (
				9041C0AA242118BA00225999 /* Sources */,
				9041C0AB242118BA00225999 /* Frameworks */,
				9041C0AC242118BA00225999 /* Resources */,
			);
			buildRules = (
			);
			dependencies = (
			);
			name = Affect;
			productName = Affect;
			productReference = 9041C0AE242118BA00225999 /* Affect.app */;
			productType = "com.apple.product-type.application";
		};
/* End PBXNativeTarget section */

/* Begin PBXProject section */
		9041C0A6242118B900225999 /* Project object */ = {
			isa = PBXProject;
			attributes = {
				LastSwiftUpdateCheck = 1130;
				LastUpgradeCheck = 1130;
				ORGANIZATIONNAME = "Stephanie Chiu";
				TargetAttributes = {
					9041C0AD242118BA00225999 = {
						CreatedOnToolsVersion = 11.3.1;
					};
				};
			};
			buildConfigurationList = 9041C0A9242118B900225999 /* Build configuration list for PBXProject "Affect" */;
			compatibilityVersion = "Xcode 9.3";
			developmentRegion = en;
			hasScannedForEncodings = 0;
			knownRegions = (
				en,
				Base,
			);
			mainGroup = 9041C0A5242118B900225999;
			productRefGroup = 9041C0AF242118BA00225999 /* Products */;
			projectDirPath = "";
			projectRoot = "";
			targets = (
				9041C0AD242118BA00225999 /* Affect */,
			);
		};
/* End PBXProject section */

/* Begin PBXResourcesBuildPhase section */
		9041C0AC242118BA00225999 /* Resources */ = {
			isa = PBXResourcesBuildPhase;
			buildActionMask = 2147483647;
			files = (
				9041C0BE242118BC00225999 /* Assets.xcassets in Resources */,
			);
			runOnlyForDeploymentPostprocessing = 0;
		};
/* End PBXResourcesBuildPhase section */

/* Begin PBXSourcesBuildPhase section */
		9041C0AA242118BA00225999 /* Sources */ = {
			isa = PBXSourcesBuildPhase;
			buildActionMask = 2147483647;
			files = (
				903FC99924443CCC005D9DF4 /* PickerView.swift in Sources */,
				90A4000C244E5DBB003E4604 /* UserInput.swift in Sources */,
				90413927243A808C0029DBCD /* FeelingsController.swift in Sources */,
				9014BE8F242FD483008F7155 /* HomeController.swift in Sources */,
				90E0C814244FD7E600446412 /* CustomButton.swift in Sources */,
				9041C0BC242118BA00225999 /* Affect.xcdatamodeld in Sources */,
				9046DF712434300400DACEEA /* PositiveFeelingsHeader.swift in Sources */,
				90F304642436FF8800DDA2FC /* FeelingsView.swift in Sources */,
				9041C0B6242118BA00225999 /* MoodController.swift in Sources */,
				9041C0B2242118BA00225999 /* AppDelegate.swift in Sources */,
				901B32F92440190A00F1BFA0 /* NegativeFeelingsCell.swift in Sources */,
				903F84032446B8180051C81C /* StatisticsController.swift in Sources */,
				901B32F72440187500F1BFA0 /* PositiveFeelingsCell.swift in Sources */,
				9041C0B4242118BA00225999 /* SceneDelegate.swift in Sources */,
				903FC99224429790005D9DF4 /* EntryView.swift in Sources */,
				903FC99624429869005D9DF4 /* EntryController.swift in Sources */,
				903FC99C24451982005D9DF4 /* TabBarController.swift in Sources */,
				9041392D243BF7610029DBCD /* ActivitiesCell.swift in Sources */,
				9014BE972432DE06008F7155 /* Entry.swift in Sources */,
				90390093242934A4002C4697 /* MoodView.swift in Sources */,
				9014BE9B2432EC78008F7155 /* ActivitiesNotesController.swift in Sources */,
				9014BE952432D4F9008F7155 /* HomeCell.swift in Sources */,
				903FC99024413FA3005D9DF4 /* NegativeFeelingsHeader.swift in Sources */,
				9049E7CD242D735C00F7CBED /* Extensions.swift in Sources */,
				90F30460243681EF00DDA2FC /* ColumnFlowLayout.swift in Sources */,
			);
			runOnlyForDeploymentPostprocessing = 0;
		};
/* End PBXSourcesBuildPhase section */

/* Begin XCBuildConfiguration section */
		9041C0C3242118BC00225999 /* Debug */ = {
			isa = XCBuildConfiguration;
			buildSettings = {
				ALWAYS_SEARCH_USER_PATHS = NO;
				CLANG_ANALYZER_NONNULL = YES;
				CLANG_ANALYZER_NUMBER_OBJECT_CONVERSION = YES_AGGRESSIVE;
				CLANG_CXX_LANGUAGE_STANDARD = "gnu++14";
				CLANG_CXX_LIBRARY = "libc++";
				CLANG_ENABLE_MODULES = YES;
				CLANG_ENABLE_OBJC_ARC = YES;
				CLANG_ENABLE_OBJC_WEAK = YES;
				CLANG_WARN_BLOCK_CAPTURE_AUTORELEASING = YES;
				CLANG_WARN_BOOL_CONVERSION = YES;
				CLANG_WARN_COMMA = YES;
				CLANG_WARN_CONSTANT_CONVERSION = YES;
				CLANG_WARN_DEPRECATED_OBJC_IMPLEMENTATIONS = YES;
				CLANG_WARN_DIRECT_OBJC_ISA_USAGE = YES_ERROR;
				CLANG_WARN_DOCUMENTATION_COMMENTS = YES;
				CLANG_WARN_EMPTY_BODY = YES;
				CLANG_WARN_ENUM_CONVERSION = YES;
				CLANG_WARN_INFINITE_RECURSION = YES;
				CLANG_WARN_INT_CONVERSION = YES;
				CLANG_WARN_NON_LITERAL_NULL_CONVERSION = YES;
				CLANG_WARN_OBJC_IMPLICIT_RETAIN_SELF = YES;
				CLANG_WARN_OBJC_LITERAL_CONVERSION = YES;
				CLANG_WARN_OBJC_ROOT_CLASS = YES_ERROR;
				CLANG_WARN_RANGE_LOOP_ANALYSIS = YES;
				CLANG_WARN_STRICT_PROTOTYPES = YES;
				CLANG_WARN_SUSPICIOUS_MOVE = YES;
				CLANG_WARN_UNGUARDED_AVAILABILITY = YES_AGGRESSIVE;
				CLANG_WARN_UNREACHABLE_CODE = YES;
				CLANG_WARN__DUPLICATE_METHOD_MATCH = YES;
				COPY_PHASE_STRIP = NO;
				DEBUG_INFORMATION_FORMAT = dwarf;
				ENABLE_STRICT_OBJC_MSGSEND = YES;
				ENABLE_TESTABILITY = YES;
				GCC_C_LANGUAGE_STANDARD = gnu11;
				GCC_DYNAMIC_NO_PIC = NO;
				GCC_NO_COMMON_BLOCKS = YES;
				GCC_OPTIMIZATION_LEVEL = 0;
				GCC_PREPROCESSOR_DEFINITIONS = (
					"DEBUG=1",
					"$(inherited)",
				);
				GCC_WARN_64_TO_32_BIT_CONVERSION = YES;
				GCC_WARN_ABOUT_RETURN_TYPE = YES_ERROR;
				GCC_WARN_UNDECLARED_SELECTOR = YES;
				GCC_WARN_UNINITIALIZED_AUTOS = YES_AGGRESSIVE;
				GCC_WARN_UNUSED_FUNCTION = YES;
				GCC_WARN_UNUSED_VARIABLE = YES;
				IPHONEOS_DEPLOYMENT_TARGET = 13.2;
				MTL_ENABLE_DEBUG_INFO = INCLUDE_SOURCE;
				MTL_FAST_MATH = YES;
				ONLY_ACTIVE_ARCH = YES;
				SDKROOT = iphoneos;
				SWIFT_ACTIVE_COMPILATION_CONDITIONS = DEBUG;
				SWIFT_OPTIMIZATION_LEVEL = "-Onone";
			};
			name = Debug;
		};
		9041C0C4242118BC00225999 /* Release */ = {
			isa = XCBuildConfiguration;
			buildSettings = {
				ALWAYS_SEARCH_USER_PATHS = NO;
				CLANG_ANALYZER_NONNULL = YES;
				CLANG_ANALYZER_NUMBER_OBJECT_CONVERSION = YES_AGGRESSIVE;
				CLANG_CXX_LANGUAGE_STANDARD = "gnu++14";
				CLANG_CXX_LIBRARY = "libc++";
				CLANG_ENABLE_MODULES = YES;
				CLANG_ENABLE_OBJC_ARC = YES;
				CLANG_ENABLE_OBJC_WEAK = YES;
				CLANG_WARN_BLOCK_CAPTURE_AUTORELEASING = YES;
				CLANG_WARN_BOOL_CONVERSION = YES;
				CLANG_WARN_COMMA = YES;
				CLANG_WARN_CONSTANT_CONVERSION = YES;
				CLANG_WARN_DEPRECATED_OBJC_IMPLEMENTATIONS = YES;
				CLANG_WARN_DIRECT_OBJC_ISA_USAGE = YES_ERROR;
				CLANG_WARN_DOCUMENTATION_COMMENTS = YES;
				CLANG_WARN_EMPTY_BODY = YES;
				CLANG_WARN_ENUM_CONVERSION = YES;
				CLANG_WARN_INFINITE_RECURSION = YES;
				CLANG_WARN_INT_CONVERSION = YES;
				CLANG_WARN_NON_LITERAL_NULL_CONVERSION = YES;
				CLANG_WARN_OBJC_IMPLICIT_RETAIN_SELF = YES;
				CLANG_WARN_OBJC_LITERAL_CONVERSION = YES;
				CLANG_WARN_OBJC_ROOT_CLASS = YES_ERROR;
				CLANG_WARN_RANGE_LOOP_ANALYSIS = YES;
				CLANG_WARN_STRICT_PROTOTYPES = YES;
				CLANG_WARN_SUSPICIOUS_MOVE = YES;
				CLANG_WARN_UNGUARDED_AVAILABILITY = YES_AGGRESSIVE;
				CLANG_WARN_UNREACHABLE_CODE = YES;
				CLANG_WARN__DUPLICATE_METHOD_MATCH = YES;
				COPY_PHASE_STRIP = NO;
				DEBUG_INFORMATION_FORMAT = "dwarf-with-dsym";
				ENABLE_NS_ASSERTIONS = NO;
				ENABLE_STRICT_OBJC_MSGSEND = YES;
				GCC_C_LANGUAGE_STANDARD = gnu11;
				GCC_NO_COMMON_BLOCKS = YES;
				GCC_WARN_64_TO_32_BIT_CONVERSION = YES;
				GCC_WARN_ABOUT_RETURN_TYPE = YES_ERROR;
				GCC_WARN_UNDECLARED_SELECTOR = YES;
				GCC_WARN_UNINITIALIZED_AUTOS = YES_AGGRESSIVE;
				GCC_WARN_UNUSED_FUNCTION = YES;
				GCC_WARN_UNUSED_VARIABLE = YES;
				IPHONEOS_DEPLOYMENT_TARGET = 13.2;
				MTL_ENABLE_DEBUG_INFO = NO;
				MTL_FAST_MATH = YES;
				SDKROOT = iphoneos;
				SWIFT_COMPILATION_MODE = wholemodule;
				SWIFT_OPTIMIZATION_LEVEL = "-O";
				VALIDATE_PRODUCT = YES;
			};
			name = Release;
		};
		9041C0C6242118BC00225999 /* Debug */ = {
			isa = XCBuildConfiguration;
			buildSettings = {
				ASSETCATALOG_COMPILER_APPICON_NAME = AppIcon;
				CODE_SIGN_STYLE = Automatic;
				DEVELOPMENT_TEAM = PAF88N9AZQ;
				INFOPLIST_FILE = Affect/Info.plist;
				LD_RUNPATH_SEARCH_PATHS = (
					"$(inherited)",
					"@executable_path/Frameworks",
				);
				PRODUCT_BUNDLE_IDENTIFIER = com.stephaniechiu.Affect;
				PRODUCT_NAME = "$(TARGET_NAME)";
				SWIFT_VERSION = 5.0;
				TARGETED_DEVICE_FAMILY = 1;
			};
			name = Debug;
		};
		9041C0C7242118BC00225999 /* Release */ = {
			isa = XCBuildConfiguration;
			buildSettings = {
				ASSETCATALOG_COMPILER_APPICON_NAME = AppIcon;
				CODE_SIGN_STYLE = Automatic;
				DEVELOPMENT_TEAM = PAF88N9AZQ;
				INFOPLIST_FILE = Affect/Info.plist;
				LD_RUNPATH_SEARCH_PATHS = (
					"$(inherited)",
					"@executable_path/Frameworks",
				);
				PRODUCT_BUNDLE_IDENTIFIER = com.stephaniechiu.Affect;
				PRODUCT_NAME = "$(TARGET_NAME)";
				SWIFT_VERSION = 5.0;
				TARGETED_DEVICE_FAMILY = 1;
			};
			name = Release;
		};
/* End XCBuildConfiguration section */

/* Begin XCConfigurationList section */
		9041C0A9242118B900225999 /* Build configuration list for PBXProject "Affect" */ = {
			isa = XCConfigurationList;
			buildConfigurations = (
				9041C0C3242118BC00225999 /* Debug */,
				9041C0C4242118BC00225999 /* Release */,
			);
			defaultConfigurationIsVisible = 0;
			defaultConfigurationName = Release;
		};
		9041C0C5242118BC00225999 /* Build configuration list for PBXNativeTarget "Affect" */ = {
			isa = XCConfigurationList;
			buildConfigurations = (
				9041C0C6242118BC00225999 /* Debug */,
				9041C0C7242118BC00225999 /* Release */,
			);
			defaultConfigurationIsVisible = 0;
			defaultConfigurationName = Release;
		};
/* End XCConfigurationList section */

/* Begin XCVersionGroup section */
		9041C0BA242118BA00225999 /* Affect.xcdatamodeld */ = {
			isa = XCVersionGroup;
			children = (
				9041C0BB242118BA00225999 /* Affect.xcdatamodel */,
			);
			currentVersion = 9041C0BB242118BA00225999 /* Affect.xcdatamodel */;
			path = Affect.xcdatamodeld;
			sourceTree = "<group>";
			versionGroupType = wrapper.xcdatamodel;
		};
/* End XCVersionGroup section */
	};
	rootObject = 9041C0A6242118B900225999 /* Project object */;
}
